Microsoft Visual Studio Solution File, Format Version 12.00
# Visual Studio Version 17
VisualStudioVersion = 17.5.2.0
MinimumVisualStudioVersion = 10.0.40219.1
Project("{FAE04EC0-301F-11D3-BF4B-00C04F79EFBC}") = "ElevensGame", "ElevensGame.csproj", "{08AD405F-0E0E-4793-BC42-7C23EF07D0FD}"
EndProject
Global
	GlobalSection(SolutionConfigurationPlatforms) = preSolution
		Debug|Any CPU = Debug|Any CPU
		Release|Any CPU = Release|Any CPU
	EndGlobalSection
	GlobalSection(ProjectConfigurationPlatforms) = postSolution
		{08AD405F-0E0E-4793-BC42-7C23EF07D0FD}.Debug|Any CPU.ActiveCfg = Debug|Any CPU
		{08AD405F-0E0E-4793-BC42-7C23EF07D0FD}.Debug|Any CPU.Build.0 = Debug|Any CPU
		{08AD405F-0E0E-4793-BC42-7C23EF07D0FD}.Release|Any CPU.ActiveCfg = Release|Any CPU
		{08AD405F-0E0E-4793-BC42-7C23EF07D0FD}.Release|Any CPU.Build.0 = Release|Any CPU
	EndGlobalSection
	GlobalSection(SolutionProperties) = preSolution
		HideSolutionNode = FALSE
	EndGlobalSection
	GlobalSection(ExtensibilityGlobals) = postSolution
		SolutionGuid = {C37004CF-E0D1-4A5A-BD1A-334CB0C07881}
	EndGlobalSection
EndGlobal
